
Microsoft Visual Studio Solution File, Format Version 12.00
# Visual Studio Version 16
VisualStudioVersion = 16.0.29324.140
MinimumVisualStudioVersion = 10.0.40219.1
Project("{FAE04EC0-301F-11D3-BF4B-00C04F79EFBC}") = "ChatServer", "ChatServer\ChatServer.csproj", "{38320010-CBB7-4929-B350-2D34261376F2}"
EndProject
Global
	GlobalSection(SolutionConfigurationPlatforms) = preSolution
		Debug|Any CPU = Debug|Any CPU
		Release|Any CPU = Release|Any CPU
	EndGlobalSection
	GlobalSection(ProjectConfigurationPlatforms) = postSolution
		{38320010-CBB7-4929-B350-2D34261376F2}.Debug|Any CPU.ActiveCfg = Debug|Any CPU
		{38320010-CBB7-4929-B350-2D34261376F2}.Debug|Any CPU.Build.0 = Debug|Any CPU
		{38320010-CBB7-4929-B350-2D34261376F2}.Release|Any CPU.ActiveCfg = Release|Any CPU
		{38320010-CBB7-4929-B350-2D34261376F2}.Release|Any CPU.Build.0 = Release|Any CPU
	EndGlobalSection
	GlobalSection(SolutionProperties) = preSolution
		HideSolutionNode = FALSE
	EndGlobalSection
	GlobalSection(ExtensibilityGlobals) = postSolution
		SolutionGuid = {F80CAAE9-3A03-4F5C-AC91-583D321A4B17}
	EndGlobalSection
EndGlobal
